{
  "name": "hoplite-personal-skills-setup",
  "version": "1.0.0",
  "lockfileVersion": 3,
  "requires": true,
  "packages": {
    "": {
      "name": "hoplite-personal-skills-setup",
      "version": "1.0.0",
      "dependencies": {
        "@usehoplite/cli": "2.3.2",
        "skills": "1.5.26"
      },
      "engines": {
        "node": ">=22.20.0"
      }
    },
    "node_modules/@isaacs/fs-minipass": {
      "version": "4.0.1",
      "resolved": "https://registry.npmjs.org/@isaacs/fs-minipass/-/fs-minipass-4.0.1.tgz",
      "integrity": "sha512-wgm9Ehl2jpeqP3zw/7mo3kRHFp5MEDhqAdwy1fTGkHAwnkGOVsgpvQhL8B5n1qlb01jV3n/bI0ZfZp5lWA1k4w==",
      "license": "ISC",
      "dependencies": {
        "minipass": "^7.0.4"
      },
      "engines": {
        "node": ">=18.0.0"
      }
    },
    "node_modules/@usehoplite/cli": {
      "version": "2.3.2",
      "resolved": "https://registry.npmjs.org/@usehoplite/cli/-/cli-2.3.2.tgz",
      "integrity": "sha512-vHvDKkGq9NeuD+IMCntl0epag+BXwjuIELeuZGr8V/3rCvj2vd466pNqgVDzNVFp7cv32z968/sLvly/usS1Wg==",
      "license": "Apache-2.0",
      "bin": {
        "hoplite": "bin/hoplite-cli.js"
      },
      "engines": {
        "node": ">=18"
      },
      "optionalDependencies": {
        "@usehoplite/cli-darwin-arm64": "2.3.2",
        "@usehoplite/cli-darwin-x64": "2.3.2",
        "@usehoplite/cli-linux-arm64": "2.3.2",
        "@usehoplite/cli-linux-x64": "2.3.2",
        "@usehoplite/cli-win32-arm64": "2.3.2",
        "@usehoplite/cli-win32-x64": "2.3.2"
      }
    },
    "node_modules/@usehoplite/cli-darwin-arm64": {
      "version": "2.3.2",
      "resolved": "https://registry.npmjs.org/@usehoplite/cli-darwin-arm64/-/cli-darwin-arm64-2.3.2.tgz",
      "integrity": "sha512-QdFBB/qLxWANuEIa0PHnkk3bBrgJtXtpcilpiX5E0EjuaQWlxEpdMwYVWylN48WCxxBMbaj2LSPajxEroGMR4g==",
      "cpu": [
        "arm64"
      ],
      "license": "Apache-2.0",
      "optional": true,
      "os": [
        "darwin"
      ]
    },
    "node_modules/@usehoplite/cli-darwin-x64": {
      "version": "2.3.2",
      "resolved": "https://registry.npmjs.org/@usehoplite/cli-darwin-x64/-/cli-darwin-x64-2.3.2.tgz",
      "integrity": "sha512-RI1szd+eBcI8aiY+QaRZvWs01VmacgyLzAYoVWGmzDJKByx7xJ8Ol6Uvc6goT351ctPFX2+IrzMsqt9LoNlY2Q==",
      "cpu": [
        "x64"
      ],
      "license": "Apache-2.0",
      "optional": true,
      "os": [
        "darwin"
      ]
    },
    "node_modules/@usehoplite/cli-linux-arm64": {
      "version": "2.3.2",
      "resolved": "https://registry.npmjs.org/@usehoplite/cli-linux-arm64/-/cli-linux-arm64-2.3.2.tgz",
      "integrity": "sha512-ENk8AWiRHVaNiDlZEBOCbEDIeEE/Q+UItIxRQyiG8pNM7DrEDsDR4Bh3/i65InVkoULjCQFUDgOIJY5+lRAK7w==",
      "cpu": [
        "arm64"
      ],
      "license": "Apache-2.0",
      "optional": true,
      "os": [
        "linux"
      ]
    },
    "node_modules/@usehoplite/cli-linux-x64": {
      "version": "2.3.2",
      "resolved": "https://registry.npmjs.org/@usehoplite/cli-linux-x64/-/cli-linux-x64-2.3.2.tgz",
      "integrity": "sha512-fYjonfOYViv5UDz+KmZsqKfi+MnO9T7oGDbN4zFGfODhZNpVijJAn2etLxu4idkNP50+ai06MbrhfsW/SPlSZQ==",
      "cpu": [
        "x64"
      ],
      "license": "Apache-2.0",
      "optional": true,
      "os": [
        "linux"
      ]
    },
    "node_modules/@usehoplite/cli-win32-arm64": {
      "version": "2.3.2",
      "resolved": "https://registry.npmjs.org/@usehoplite/cli-win32-arm64/-/cli-win32-arm64-2.3.2.tgz",
      "integrity": "sha512-xv32K+S+Gfd99Z2fIt7WUkAxuk8gqgzqbrZjA4HE3Milt5MwtWUJPD4FQ4qkwp68/X5p6R6D2E9sl01OfEu82w==",
      "cpu": [
        "arm64"
      ],
      "license": "Apache-2.0",
      "optional": true,
      "os": [
        "win32"
      ]
    },
    "node_modules/@usehoplite/cli-win32-x64": {
      "version": "2.3.2",
      "resolved": "https://registry.npmjs.org/@usehoplite/cli-win32-x64/-/cli-win32-x64-2.3.2.tgz",
      "integrity": "sha512-s7xcQ/Bx+ZL2BVPh7B7VbcBlsfrgyvv6u/OlPeLr0S1jfQuW9FiEDVCTO+elmWWhl2JQiXyWv9FXx7fcno12lA==",
      "cpu": [
        "x64"
      ],
      "license": "Apache-2.0",
      "optional": true,
      "os": [
        "win32"
      ]
    },
    "node_modules/chownr": {
      "version": "3.0.0",
      "resolved": "https://registry.npmjs.org/chownr/-/chownr-3.0.0.tgz",
      "integrity": "sha512-+IxzY9BZOQd/XuYPRmrvEVjF/nqj5kgT4kEq7VofrDoM1MxoRjEWkrCC3EtLi59TVawxTAn+orJwFQcrqEN1+g==",
      "license": "BlueOak-1.0.0",
      "engines": {
        "node": ">=18"
      }
    },
    "node_modules/minipass": {
      "version": "7.1.3",
      "resolved": "https://registry.npmjs.org/minipass/-/minipass-7.1.3.tgz",
      "integrity": "sha512-tEBHqDnIoM/1rXME1zgka9g6Q2lcoCkxHLuc7ODJ5BxbP5d4c2Z5cGgtXAku59200Cx7diuHTOYfSBD8n6mm8A==",
      "license": "BlueOak-1.0.0",
      "engines": {
        "node": ">=16 || 14 >=14.17"
      }
    },
    "node_modules/minizlib": {
      "version": "3.1.0",
      "resolved": "https://registry.npmjs.org/minizlib/-/minizlib-3.1.0.tgz",
      "integrity": "sha512-KZxYo1BUkWD2TVFLr0MQoM8vUUigWD3LlD83a/75BqC+4qE0Hb1Vo5v1FgcfaNXvfXzr+5EhQ6ing/CaBijTlw==",
      "license": "MIT",
      "dependencies": {
        "minipass": "^7.1.2"
      },
      "engines": {
        "node": ">= 18"
      }
    },
    "node_modules/skills": {
      "version": "1.5.26",
      "resolved": "https://registry.npmjs.org/skills/-/skills-1.5.26.tgz",
      "integrity": "sha512-D5jnWoMPDRQ3fJM3RpQH8SBrAS9tmVlTC7OdOB2tk7D6nORbRnw8RLwjVj81IIGlxwWuBthEgUChM7SOZGvTHQ==",
      "license": "MIT",
      "dependencies": {
        "tar": "^7.5.20",
        "yaml": "^2.8.3"
      },
      "bin": {
        "add-skill": "bin/cli.mjs",
        "skills": "bin/cli.mjs"
      },
      "engines": {
        "node": ">=22.20.0"
      }
    },
    "node_modules/tar": {
      "version": "7.5.22",
      "resolved": "https://registry.npmjs.org/tar/-/tar-7.5.22.tgz",
      "integrity": "sha512-MFO/QzvtAOmJbkhOaCTvbGcFN9L9b+JunIsDwaKljSOdcLMea3NJ1k9Usz/rjdfSXTq4dfzfeS7W4p4YOAAHeA==",
      "license": "BlueOak-1.0.0",
      "dependencies": {
        "@isaacs/fs-minipass": "^4.0.0",
        "chownr": "^3.0.0",
        "minipass": "^7.1.2",
        "minizlib": "^3.1.0",
        "yallist": "^5.0.0"
      },
      "engines": {
        "node": ">=18"
      }
    },
    "node_modules/yallist": {
      "version": "5.0.0",
      "resolved": "https://registry.npmjs.org/yallist/-/yallist-5.0.0.tgz",
      "integrity": "sha512-YgvUTfwqyc7UXVMrB+SImsVYSmTS8X/tSrtdNZMImM+n7+QTriRXyXim0mBrTXNeqzVF0KWGgHPeiyViFFrNDw==",
      "license": "BlueOak-1.0.0",
      "engines": {
        "node": ">=18"
      }
    },
    "node_modules/yaml": {
      "version": "2.9.1",
      "resolved": "https://registry.npmjs.org/yaml/-/yaml-2.9.1.tgz",
      "integrity": "sha512-3NxN8+78OdzbT7C/WjGsyfPAtJaN3FNDsWxv7Y7mcDsT/oOmgW8BpyQQFFBnvZE3j9Y2Sdz1ULFLezL7Eb2yFw==",
      "license": "ISC",
      "bin": {
        "yaml": "bin.mjs"
      },
      "engines": {
        "node": ">= 14.6"
      },
      "funding": {
        "url": "https://github.com/sponsors/eemeli"
      }
    }
  }
}
