{
  "name": "hoplite-personal-skills-setup",
  "version": "1.0.0",
  "lockfileVersion": 3,
  "requires": true,
  "packages": {
    "": {
      "name": "hoplite-personal-skills-setup",
      "version": "1.0.0",
      "dependencies": {
        "@usehoplite/cli": "3.0.0",
        "skills": "1.5.26"
      },
      "engines": {
        "node": ">=22.20.0"
      }
    },
    "node_modules/@isaacs/fs-minipass": {
      "version": "4.0.1",
      "resolved": "https://registry.npmjs.org/@isaacs/fs-minipass/-/fs-minipass-4.0.1.tgz",
      "integrity": "sha512-wgm9Ehl2jpeqP3zw/7mo3kRHFp5MEDhqAdwy1fTGkHAwnkGOVsgpvQhL8B5n1qlb01jV3n/bI0ZfZp5lWA1k4w==",
      "license": "ISC",
      "dependencies": {
        "minipass": "^7.0.4"
      },
      "engines": {
        "node": ">=18.0.0"
      }
    },
    "node_modules/@usehoplite/cli": {
      "version": "3.0.0",
      "resolved": "https://registry.npmjs.org/@usehoplite/cli/-/cli-3.0.0.tgz",
      "integrity": "sha512-A0/JT/+zzyAvkjuoOSOuKK3aZcZ+z4dOBR/0lBPx4REicPRMHWVz9sfiSv1E1HlScesgkgcaGMIbpcX0yVYCpA==",
      "license": "Apache-2.0",
      "bin": {
        "hoplite": "bin/hoplite-cli.js",
        "hplt": "bin/hoplite-cli.js"
      },
      "engines": {
        "node": ">=18"
      },
      "optionalDependencies": {
        "@usehoplite/cli-darwin-arm64": "3.0.0",
        "@usehoplite/cli-darwin-x64": "3.0.0",
        "@usehoplite/cli-linux-arm64": "3.0.0",
        "@usehoplite/cli-linux-x64": "3.0.0",
        "@usehoplite/cli-win32-arm64": "3.0.0",
        "@usehoplite/cli-win32-x64": "3.0.0"
      }
    },
    "node_modules/@usehoplite/cli-darwin-arm64": {
      "version": "3.0.0",
      "resolved": "https://registry.npmjs.org/@usehoplite/cli-darwin-arm64/-/cli-darwin-arm64-3.0.0.tgz",
      "integrity": "sha512-zi1bCrjIfdgaoNZPo8eNIHDaidwWbnvW04dGlWJKOYzVpGhmD5lVByEkRT0r4+d4afbZKesSx61GKglmQddnBg==",
      "cpu": [
        "arm64"
      ],
      "license": "Apache-2.0",
      "optional": true,
      "os": [
        "darwin"
      ]
    },
    "node_modules/@usehoplite/cli-darwin-x64": {
      "version": "3.0.0",
      "resolved": "https://registry.npmjs.org/@usehoplite/cli-darwin-x64/-/cli-darwin-x64-3.0.0.tgz",
      "integrity": "sha512-aw4BE+4fTyFvA3X3GiDfIheKXi0fAdP8K9NJaG9bIx+s/IGnxwdb+KxuiE2Jf2EX7GWEgwbm4jj7uEbkQLiyGA==",
      "cpu": [
        "x64"
      ],
      "license": "Apache-2.0",
      "optional": true,
      "os": [
        "darwin"
      ]
    },
    "node_modules/@usehoplite/cli-linux-arm64": {
      "version": "3.0.0",
      "resolved": "https://registry.npmjs.org/@usehoplite/cli-linux-arm64/-/cli-linux-arm64-3.0.0.tgz",
      "integrity": "sha512-PCa/chhTax8q6Fs1PjZLFBt1B6DkVZUxT7UQUpn/sCXuJe8kbeLc4b6W451v6V59Iv9GjusavhkhAiepmiaHwQ==",
      "cpu": [
        "arm64"
      ],
      "license": "Apache-2.0",
      "optional": true,
      "os": [
        "linux"
      ]
    },
    "node_modules/@usehoplite/cli-linux-x64": {
      "version": "3.0.0",
      "resolved": "https://registry.npmjs.org/@usehoplite/cli-linux-x64/-/cli-linux-x64-3.0.0.tgz",
      "integrity": "sha512-/Y3sURHJHsj4LLdZqkl47rEyIthpjKyGxT8BJOaV9i6C9ypAg9nmkTNUFCLM+mXZ+zyC+ePXEkFJ3foriPpvGA==",
      "cpu": [
        "x64"
      ],
      "license": "Apache-2.0",
      "optional": true,
      "os": [
        "linux"
      ]
    },
    "node_modules/@usehoplite/cli-win32-arm64": {
      "version": "3.0.0",
      "resolved": "https://registry.npmjs.org/@usehoplite/cli-win32-arm64/-/cli-win32-arm64-3.0.0.tgz",
      "integrity": "sha512-AaE8Akl1aio19Webwd8JyZ70SqyR5gQJCaGtw1XxjCNcgxUPL8jDoNhSYy8XmhfZY/jhvlsX62otDPU/JTtA6w==",
      "cpu": [
        "arm64"
      ],
      "license": "Apache-2.0",
      "optional": true,
      "os": [
        "win32"
      ]
    },
    "node_modules/@usehoplite/cli-win32-x64": {
      "version": "3.0.0",
      "resolved": "https://registry.npmjs.org/@usehoplite/cli-win32-x64/-/cli-win32-x64-3.0.0.tgz",
      "integrity": "sha512-1Hd1K7KLeUR5+9OdAU1BVTlyLunpD2WZrkqRxMdqDCJb8fNy0F6Dqjzei2sCdJ98CC/KYaD2eczZuODtkFcN/g==",
      "cpu": [
        "x64"
      ],
      "license": "Apache-2.0",
      "optional": true,
      "os": [
        "win32"
      ]
    },
    "node_modules/chownr": {
      "version": "3.0.0",
      "resolved": "https://registry.npmjs.org/chownr/-/chownr-3.0.0.tgz",
      "integrity": "sha512-+IxzY9BZOQd/XuYPRmrvEVjF/nqj5kgT4kEq7VofrDoM1MxoRjEWkrCC3EtLi59TVawxTAn+orJwFQcrqEN1+g==",
      "license": "BlueOak-1.0.0",
      "engines": {
        "node": ">=18"
      }
    },
    "node_modules/minipass": {
      "version": "7.1.3",
      "resolved": "https://registry.npmjs.org/minipass/-/minipass-7.1.3.tgz",
      "integrity": "sha512-tEBHqDnIoM/1rXME1zgka9g6Q2lcoCkxHLuc7ODJ5BxbP5d4c2Z5cGgtXAku59200Cx7diuHTOYfSBD8n6mm8A==",
      "license": "BlueOak-1.0.0",
      "engines": {
        "node": ">=16 || 14 >=14.17"
      }
    },
    "node_modules/minizlib": {
      "version": "3.1.0",
      "resolved": "https://registry.npmjs.org/minizlib/-/minizlib-3.1.0.tgz",
      "integrity": "sha512-KZxYo1BUkWD2TVFLr0MQoM8vUUigWD3LlD83a/75BqC+4qE0Hb1Vo5v1FgcfaNXvfXzr+5EhQ6ing/CaBijTlw==",
      "license": "MIT",
      "dependencies": {
        "minipass": "^7.1.2"
      },
      "engines": {
        "node": ">= 18"
      }
    },
    "node_modules/skills": {
      "version": "1.5.26",
      "resolved": "https://registry.npmjs.org/skills/-/skills-1.5.26.tgz",
      "integrity": "sha512-D5jnWoMPDRQ3fJM3RpQH8SBrAS9tmVlTC7OdOB2tk7D6nORbRnw8RLwjVj81IIGlxwWuBthEgUChM7SOZGvTHQ==",
      "license": "MIT",
      "dependencies": {
        "tar": "^7.5.20",
        "yaml": "^2.8.3"
      },
      "bin": {
        "add-skill": "bin/cli.mjs",
        "skills": "bin/cli.mjs"
      },
      "engines": {
        "node": ">=22.20.0"
      }
    },
    "node_modules/tar": {
      "version": "7.5.22",
      "resolved": "https://registry.npmjs.org/tar/-/tar-7.5.22.tgz",
      "integrity": "sha512-MFO/QzvtAOmJbkhOaCTvbGcFN9L9b+JunIsDwaKljSOdcLMea3NJ1k9Usz/rjdfSXTq4dfzfeS7W4p4YOAAHeA==",
      "license": "BlueOak-1.0.0",
      "dependencies": {
        "@isaacs/fs-minipass": "^4.0.0",
        "chownr": "^3.0.0",
        "minipass": "^7.1.2",
        "minizlib": "^3.1.0",
        "yallist": "^5.0.0"
      },
      "engines": {
        "node": ">=18"
      }
    },
    "node_modules/yallist": {
      "version": "5.0.0",
      "resolved": "https://registry.npmjs.org/yallist/-/yallist-5.0.0.tgz",
      "integrity": "sha512-YgvUTfwqyc7UXVMrB+SImsVYSmTS8X/tSrtdNZMImM+n7+QTriRXyXim0mBrTXNeqzVF0KWGgHPeiyViFFrNDw==",
      "license": "BlueOak-1.0.0",
      "engines": {
        "node": ">=18"
      }
    },
    "node_modules/yaml": {
      "version": "2.9.1",
      "resolved": "https://registry.npmjs.org/yaml/-/yaml-2.9.1.tgz",
      "integrity": "sha512-3NxN8+78OdzbT7C/WjGsyfPAtJaN3FNDsWxv7Y7mcDsT/oOmgW8BpyQQFFBnvZE3j9Y2Sdz1ULFLezL7Eb2yFw==",
      "license": "ISC",
      "bin": {
        "yaml": "bin.mjs"
      },
      "engines": {
        "node": ">= 14.6"
      },
      "funding": {
        "url": "https://github.com/sponsors/eemeli"
      }
    }
  }
}
